
Microsoft Visual Studio Solution File, Format Version 12.00
# Visual Studio Version 17
VisualStudioVersion = 17.5.33530.505
MinimumVisualStudioVersion = 10.0.40219.1
Project("{FAE04EC0-301F-11D3-BF4B-00C04F79EFBC}") = "Triangulos", "Triangulos\Triangulos.csproj", "{935ED809-C991-404F-9E15-3948C91342F0}"
EndProject
Global
	GlobalSection(SolutionConfigurationPlatforms) = preSolution
		Debug|Any CPU = Debug|Any CPU
		Release|Any CPU = Release|Any CPU
	EndGlobalSection
	GlobalSection(ProjectConfigurationPlatforms) = postSolution
		{935ED809-C991-404F-9E15-3948C91342F0}.Debug|Any CPU.ActiveCfg = Debug|Any CPU
		{935ED809-C991-404F-9E15-3948C91342F0}.Debug|Any CPU.Build.0 = Debug|Any CPU
		{935ED809-C991-404F-9E15-3948C91342F0}.Release|Any CPU.ActiveCfg = Release|Any CPU
		{935ED809-C991-404F-9E15-3948C91342F0}.Release|Any CPU.Build.0 = Release|Any CPU
	EndGlobalSection
	GlobalSection(SolutionProperties) = preSolution
		HideSolutionNode = FALSE
	EndGlobalSection
	GlobalSection(ExtensibilityGlobals) = postSolution
		SolutionGuid = {B796739F-21A8-49C4-A6AC-1D16CF0A6708}
	EndGlobalSection
EndGlobal
